
Microsoft Visual Studio Solution File, Format Version 12.00
# Visual Studio Version 17
VisualStudioVersion = 17.11.35222.181
MinimumVisualStudioVersion = 10.0.40219.1
Project("{FAE04EC0-301F-11D3-BF4B-00C04F79EFBC}") = "TextRPG_Sparta", "TextRPG_Sparta\TextRPG_Sparta.csproj", "{488AF617-F812-410F-83EB-913DC4B82777}"
EndProject
Global
	GlobalSection(SolutionConfigurationPlatforms) = preSolution
		Debug|Any CPU = Debug|Any CPU
		Release|Any CPU = Release|Any CPU
	EndGlobalSection
	GlobalSection(ProjectConfigurationPlatforms) = postSolution
		{488AF617-F812-410F-83EB-913DC4B82777}.Debug|Any CPU.ActiveCfg = Debug|Any CPU
		{488AF617-F812-410F-83EB-913DC4B82777}.Debug|Any CPU.Build.0 = Debug|Any CPU
		{488AF617-F812-410F-83EB-913DC4B82777}.Release|Any CPU.ActiveCfg = Release|Any CPU
		{488AF617-F812-410F-83EB-913DC4B82777}.Release|Any CPU.Build.0 = Release|Any CPU
	EndGlobalSection
	GlobalSection(SolutionProperties) = preSolution
		HideSolutionNode = FALSE
	EndGlobalSection
	GlobalSection(ExtensibilityGlobals) = postSolution
		SolutionGuid = {115824FE-6CD5-4416-81F0-AF07E23531AC}
	EndGlobalSection
EndGlobal
